GIT
  remote: git://github.com/platanus/puppet-nodejs.git
  ref: OiNutter
  sha: ec98e99433ce9b9e3331f705e310d0c1bae82b28
  specs:
    platnaus-nodejs (0.0.1)

GIT
  remote: git://github.com/platanus/puppet-pow.git
  ref: pow-0.5.0
  sha: 686aa73bce7af7d4be20f34f68922b94efb0ebc2
  specs:
    platnaus-pow (0.0.1)

GITHUBTARBALL
  remote: archfear/puppet-prezto
  specs:
    prezto (1.0.1)

GITHUBTARBALL
  remote: boxen/puppet-alfred
  specs:
    alfred (1.1.8)

GITHUBTARBALL
  remote: boxen/puppet-android
  specs:
    android (1.3.0)

GITHUBTARBALL
  remote: boxen/puppet-autoconf
  specs:
    autoconf (1.0.0)

GITHUBTARBALL
  remote: boxen/puppet-better_touch_tools
  specs:
    better_touch_tools (1.0.0)

GITHUBTARBALL
  remote: boxen/puppet-boxen
  specs:
    boxen (3.7.0)

GITHUBTARBALL
  remote: boxen/puppet-caffeine
  specs:
    caffeine (1.0.0)

GITHUBTARBALL
  remote: boxen/puppet-chrome
  specs:
    chrome (1.2.0)

GITHUBTARBALL
  remote: boxen/puppet-clipmenu
  specs:
    clipmenu (1.0.0)

GITHUBTARBALL
  remote: boxen/puppet-dnsmasq
  specs:
    dnsmasq (2.0.0)

GITHUBTARBALL
  remote: boxen/puppet-dropbox
  specs:
    dropbox (1.4.1)

GITHUBTARBALL
  remote: boxen/puppet-eclipse
  specs:
    eclipse (2.3.0)

GITHUBTARBALL
  remote: boxen/puppet-firefox
  specs:
    firefox (1.1.9)

GITHUBTARBALL
  remote: boxen/puppet-gcc
  specs:
    gcc (2.2.0)

GITHUBTARBALL
  remote: boxen/puppet-git
  specs:
    git (2.6.0)

GITHUBTARBALL
  remote: boxen/puppet-googledrive
  specs:
    googledrive (1.0.2)

GITHUBTARBALL
  remote: boxen/puppet-heroku
  specs:
    heroku (2.1.1)

GITHUBTARBALL
  remote: boxen/puppet-hipchat
  specs:
    hipchat (1.1.3)

GITHUBTARBALL
  remote: boxen/puppet-homebrew
  specs:
    homebrew (1.9.5)

GITHUBTARBALL
  remote: boxen/puppet-hub
  specs:
    hub (1.3.0)

GITHUBTARBALL
  remote: boxen/puppet-imagemagick
  specs:
    imagemagick (1.3.0)

GITHUBTARBALL
  remote: boxen/puppet-iterm2
  specs:
    iterm2 (1.2.2)

GITHUBTARBALL
  remote: boxen/puppet-java
  specs:
    java (1.6.1)

GITHUBTARBALL
  remote: boxen/puppet-libpng
  specs:
    libpng (1.0.0)

GITHUBTARBALL
  remote: boxen/puppet-libtool
  specs:
    libtool (1.0.0)

GITHUBTARBALL
  remote: boxen/puppet-mongodb
  specs:
    mongodb (2.6.1)

GITHUBTARBALL
  remote: boxen/puppet-mumble
  specs:
    mumble (1.0.5)

GITHUBTARBALL
  remote: boxen/puppet-nginx
  specs:
    nginx (1.4.4)

GITHUBTARBALL
  remote: boxen/puppet-openssl
  specs:
    openssl (1.0.0)

GITHUBTARBALL
  remote: boxen/puppet-osx
  specs:
    osx (2.7.0)

GITHUBTARBALL
  remote: boxen/puppet-pcre
  specs:
    pcre (1.0.0)

GITHUBTARBALL
  remote: boxen/puppet-pgadmin3
  specs:
    pgadmin3 (1.0.0)

GITHUBTARBALL
  remote: boxen/puppet-phantomjs
  specs:
    phantomjs (2.3.0)

GITHUBTARBALL
  remote: boxen/puppet-php
  specs:
    php (1.2.1)

GITHUBTARBALL
  remote: boxen/puppet-pkgconfig
  specs:
    pkgconfig (1.0.0)

GITHUBTARBALL
  remote: boxen/puppet-postgresql
  specs:
    postgresql (3.0.1)

GITHUBTARBALL
  remote: boxen/puppet-property_list_key
  specs:
    property_list_key (0.1.0)

GITHUBTARBALL
  remote: boxen/puppet-redis
  specs:
    redis (3.1.0)

GITHUBTARBALL
  remote: boxen/puppet-repository
  specs:
    repository (2.3.0)

GITHUBTARBALL
  remote: boxen/puppet-ruby
  specs:
    ruby (8.1.5)

GITHUBTARBALL
  remote: boxen/puppet-sequel_pro
  specs:
    sequel_pro (1.0.1)

GITHUBTARBALL
  remote: boxen/puppet-shortcat
  specs:
    shortcat (1.0.6)

GITHUBTARBALL
  remote: boxen/puppet-skype
  specs:
    skype (1.0.8)

GITHUBTARBALL
  remote: boxen/puppet-spectacle
  specs:
    spectacle (1.0.0)

GITHUBTARBALL
  remote: boxen/puppet-spotify
  specs:
    spotify (1.0.1)

GITHUBTARBALL
  remote: boxen/puppet-sublime_text
  specs:
    sublime_text (1.0.1)

GITHUBTARBALL
  remote: boxen/puppet-sudo
  specs:
    sudo (1.0.0)

GITHUBTARBALL
  remote: boxen/puppet-sysctl
  specs:
    sysctl (1.0.1)

GITHUBTARBALL
  remote: boxen/puppet-textual
  specs:
    textual (4.2.0)

GITHUBTARBALL
  remote: boxen/puppet-tmux
  specs:
    tmux (1.0.2)

GITHUBTARBALL
  remote: boxen/puppet-toggl
  specs:
    toggl (1.0.6)

GITHUBTARBALL
  remote: boxen/puppet-vagrant
  specs:
    vagrant (3.0.8)

GITHUBTARBALL
  remote: boxen/puppet-virtualbox
  specs:
    virtualbox (1.0.12)

GITHUBTARBALL
  remote: boxen/puppet-vlc
  specs:
    vlc (1.1.0)

GITHUBTARBALL
  remote: boxen/puppet-wget
  specs:
    wget (1.0.1)

GITHUBTARBALL
  remote: boxen/puppet-wkhtmltopdf
  specs:
    wkhtmltopdf (1.2.1)

GITHUBTARBALL
  remote: boxen/puppet-xquartz
  specs:
    xquartz (1.2.1)

GITHUBTARBALL
  remote: boxen/puppet-zsh
  specs:
    zsh (1.0.0)

GITHUBTARBALL
  remote: platanus/puppet-mysql
  specs:
    mysql (1.3.1)

GITHUBTARBALL
  remote: puppetlabs/puppetlabs-inifile
  specs:
    inifile (1.1.1)

GITHUBTARBALL
  remote: puppetlabs/puppetlabs-stdlib
  specs:
    stdlib (4.2.1)

GITHUBTARBALL
  remote: ripienaar/puppet-module-data
  specs:
    module_data (0.0.3)

DEPENDENCIES
  alfred (= 1.1.8)
  android (= 1.3.0)
  autoconf (= 1.0.0)
  better_touch_tools (= 1.0.0)
  boxen (= 3.7.0)
  caffeine (= 1.0.0)
  chrome (= 1.2.0)
  clipmenu (= 1.0.0)
  dnsmasq (= 2.0.0)
  dropbox (= 1.4.1)
  eclipse (= 2.3.0)
  firefox (= 1.1.9)
  gcc (= 2.2.0)
  git (= 2.6.0)
  googledrive (= 1.0.2)
  heroku (= 2.1.1)
  hipchat (= 1.1.3)
  homebrew (= 1.9.5)
  hub (= 1.3.0)
  imagemagick (= 1.3.0)
  inifile (= 1.1.1)
  iterm2 (= 1.2.2)
  java (= 1.6.1)
  libpng (= 1.0.0)
  libtool (= 1.0.0)
  module_data (= 0.0.3)
  mongodb (= 2.6.1)
  mumble (= 1.0.5)
  mysql (= 1.3.1)
  nginx (= 1.4.4)
  openssl (= 1.0.0)
  osx (= 2.7.0)
  pcre (= 1.0.0)
  pgadmin3 (= 1.0.0)
  phantomjs (= 2.3.0)
  php (= 1.2.1)
  pkgconfig (= 1.0.0)
  pkgconfig (= 1.0.0)
  platnaus-nodejs (>= 0)
  platnaus-pow (>= 0)
  postgresql (= 3.0.1)
  prezto (= 1.0.1)
  property_list_key (= 0.1.0)
  redis (= 3.1.0)
  repository (= 2.3.0)
  ruby (= 8.1.5)
  sequel_pro (= 1.0.1)
  shortcat (= 1.0.6)
  skype (= 1.0.8)
  spectacle (= 1.0.0)
  spotify (= 1.0.1)
  stdlib (= 4.2.1)
  sublime_text (= 1.0.1)
  sudo (= 1.0.0)
  sysctl (= 1.0.1)
  textual (= 4.2.0)
  tmux (= 1.0.2)
  toggl (= 1.0.6)
  vagrant (= 3.0.8)
  virtualbox (= 1.0.12)
  vlc (= 1.1.0)
  wget (= 1.0.1)
  wkhtmltopdf (= 1.2.1)
  xquartz (= 1.2.1)
  zsh (= 1.0.0)

